
Microsoft Visual Studio Solution File, Format Version 12.00
# Visual Studio 14
VisualStudioVersion = 14.0.25123.0
MinimumVisualStudioVersion = 10.0.40219.1
Project("{2150E333-8FDC-42A3-9474-1A3956D46DE8}") = "DAL", "DAL", "{D0CAA738-5A77-4382-BF65-8CEB818847BE}"
EndProject
Project("{FAE04EC0-301F-11D3-BF4B-00C04F79EFBC}") = "Parsis.Talfigh.DAL", "DAL\Parsis.Talfigh.DAL\Parsis.Talfigh.DAL.csproj", "{D2F06AC8-BF60-4CB3-8FDF-D1FF18ABE970}"
EndProject
Project("{FAE04EC0-301F-11D3-BF4B-00C04F79EFBC}") = "Parsis.Talfigh.DAL.Domain", "DAL\Parsis.Talfigh.DAL.Domain\Parsis.Talfigh.DAL.Domain.csproj", "{76430275-5363-40D5-B7B0-3AFA3F9A414C}"
EndProject
Project("{FAE04EC0-301F-11D3-BF4B-00C04F79EFBC}") = "Parsis.Talfigh.DAL.Test", "DAL\Parsis.Talfigh.DAL.Test\Parsis.Talfigh.DAL.Test.csproj", "{2F619037-A519-41CD-8829-71E830EBC0D4}"
EndProject
Project("{2150E333-8FDC-42A3-9474-1A3956D46DE8}") = "Host", "Host", "{68CB72A1-6ED9-4CF1-98F6-B9F7F1A65CC4}"
EndProject
Project("{2150E333-8FDC-42A3-9474-1A3956D46DE8}") = "IntegrationTest", "IntegrationTest", "{EBF6F101-500D-467A-A1CF-0DEFEBCD23A1}"
EndProject
Project("{FAE04EC0-301F-11D3-BF4B-00C04F79EFBC}") = "Parsis.Talfigh.IntegrationTests", "IntegrationTest\Parsis.Talfigh.IntegrationTests\Parsis.Talfigh.IntegrationTests.csproj", "{12B06E45-12F5-4E56-ADB4-5879D98D3105}"
EndProject
Project("{2150E333-8FDC-42A3-9474-1A3956D46DE8}") = "Service", "Service", "{28C29192-3E51-4D35-B7AF-D067C6399D8E}"
EndProject
Project("{FAE04EC0-301F-11D3-BF4B-00C04F79EFBC}") = "Parsis.Talfigh.Service.ServiceInterface", "Service\Parsis.Talfigh.Host.Service.ServiceInterface\Parsis.Talfigh.Service.ServiceInterface.csproj", "{130DED02-5984-487C-93DD-0D264EED140E}"
EndProject
Project("{FAE04EC0-301F-11D3-BF4B-00C04F79EFBC}") = "Parsis.Talfigh.Service.ServiceModel", "Service\Parsis.Talfigh.Host.Service.ServiceModel\Parsis.Talfigh.Service.ServiceModel.csproj", "{8D6DE92C-637E-4433-9810-98D7FBCEA6BA}"
EndProject
Project("{FAE04EC0-301F-11D3-BF4B-00C04F79EFBC}") = "Parsis.Talfigh.Host", "Host\Parsis.Talfigh.Host\Parsis.Talfigh.Host.csproj", "{A794F29B-ED83-4A72-AF69-B38EBF2C84DD}"
EndProject
Project("{2150E333-8FDC-42A3-9474-1A3956D46DE8}") = "Host.Assistant", "Host.Assistant", "{3F474C19-B516-4C00-B3FC-2214B9A98B8A}"
EndProject
Project("{FAE04EC0-301F-11D3-BF4B-00C04F79EFBC}") = "Parsis.Talfigh.Host.Assistant", "Assistant\Parsis.Talfigh.Host.Assistant\Parsis.Talfigh.Host.Assistant.csproj", "{A48EDC40-7899-45C6-AC09-03274D5DA363}"
EndProject
Project("{FAE04EC0-301F-11D3-BF4B-00C04F79EFBC}") = "Parsis.Talfigh.Assistant", "Assistant\Parsis.Talfigh.Assistant\Parsis.Talfigh.Assistant.csproj", "{BBF89B82-77A3-4639-B822-945A7C223577}"
EndProject
Project("{2150E333-8FDC-42A3-9474-1A3956D46DE8}") = "Business", "Business", "{0C78A74C-1CB7-453D-A506-1A85A7E53E1B}"
EndProject
Project("{FAE04EC0-301F-11D3-BF4B-00C04F79EFBC}") = "Parsis.Talfigh.Business", "Business\Parsis.Talfigh.Business\Parsis.Talfigh.Business.csproj", "{9CA46766-7ED4-4D78-BB46-FC99749AA10F}"
EndProject
Global
	GlobalSection(SolutionConfigurationPlatforms) = preSolution
		Debug|Any CPU = Debug|Any CPU
		Release|Any CPU = Release|Any CPU
	EndGlobalSection
	GlobalSection(ProjectConfigurationPlatforms) = postSolution
		{D2F06AC8-BF60-4CB3-8FDF-D1FF18ABE970}.Debug|Any CPU.ActiveCfg = Debug|Any CPU
		{D2F06AC8-BF60-4CB3-8FDF-D1FF18ABE970}.Debug|Any CPU.Build.0 = Debug|Any CPU
		{D2F06AC8-BF60-4CB3-8FDF-D1FF18ABE970}.Release|Any CPU.ActiveCfg = Release|Any CPU
		{D2F06AC8-BF60-4CB3-8FDF-D1FF18ABE970}.Release|Any CPU.Build.0 = Release|Any CPU
		{76430275-5363-40D5-B7B0-3AFA3F9A414C}.Debug|Any CPU.ActiveCfg = Debug|Any CPU
		{76430275-5363-40D5-B7B0-3AFA3F9A414C}.Debug|Any CPU.Build.0 = Debug|Any CPU
		{76430275-5363-40D5-B7B0-3AFA3F9A414C}.Release|Any CPU.ActiveCfg = Release|Any CPU
		{76430275-5363-40D5-B7B0-3AFA3F9A414C}.Release|Any CPU.Build.0 = Release|Any CPU
		{2F619037-A519-41CD-8829-71E830EBC0D4}.Debug|Any CPU.ActiveCfg = Debug|Any CPU
		{2F619037-A519-41CD-8829-71E830EBC0D4}.Debug|Any CPU.Build.0 = Debug|Any CPU
		{2F619037-A519-41CD-8829-71E830EBC0D4}.Release|Any CPU.ActiveCfg = Release|Any CPU
		{2F619037-A519-41CD-8829-71E830EBC0D4}.Release|Any CPU.Build.0 = Release|Any CPU
		{12B06E45-12F5-4E56-ADB4-5879D98D3105}.Debug|Any CPU.ActiveCfg = Debug|Any CPU
		{12B06E45-12F5-4E56-ADB4-5879D98D3105}.Debug|Any CPU.Build.0 = Debug|Any CPU
		{12B06E45-12F5-4E56-ADB4-5879D98D3105}.Release|Any CPU.ActiveCfg = Release|Any CPU
		{12B06E45-12F5-4E56-ADB4-5879D98D3105}.Release|Any CPU.Build.0 = Release|Any CPU
		{130DED02-5984-487C-93DD-0D264EED140E}.Debug|Any CPU.ActiveCfg = Debug|Any CPU
		{130DED02-5984-487C-93DD-0D264EED140E}.Debug|Any CPU.Build.0 = Debug|Any CPU
		{130DED02-5984-487C-93DD-0D264EED140E}.Release|Any CPU.ActiveCfg = Release|Any CPU
		{130DED02-5984-487C-93DD-0D264EED140E}.Release|Any CPU.Build.0 = Release|Any CPU
		{8D6DE92C-637E-4433-9810-98D7FBCEA6BA}.Debug|Any CPU.ActiveCfg = Debug|Any CPU
		{8D6DE92C-637E-4433-9810-98D7FBCEA6BA}.Debug|Any CPU.Build.0 = Debug|Any CPU
		{8D6DE92C-637E-4433-9810-98D7FBCEA6BA}.Release|Any CPU.ActiveCfg = Release|Any CPU
		{8D6DE92C-637E-4433-9810-98D7FBCEA6BA}.Release|Any CPU.Build.0 = Release|Any CPU
		{A794F29B-ED83-4A72-AF69-B38EBF2C84DD}.Debug|Any CPU.ActiveCfg = Debug|Any CPU
		{A794F29B-ED83-4A72-AF69-B38EBF2C84DD}.Debug|Any CPU.Build.0 = Debug|Any CPU
		{A794F29B-ED83-4A72-AF69-B38EBF2C84DD}.Release|Any CPU.ActiveCfg = Release|Any CPU
		{A794F29B-ED83-4A72-AF69-B38EBF2C84DD}.Release|Any CPU.Build.0 = Release|Any CPU
		{A48EDC40-7899-45C6-AC09-03274D5DA363}.Debug|Any CPU.ActiveCfg = Debug|Any CPU
		{A48EDC40-7899-45C6-AC09-03274D5DA363}.Debug|Any CPU.Build.0 = Debug|Any CPU
		{A48EDC40-7899-45C6-AC09-03274D5DA363}.Release|Any CPU.ActiveCfg = Release|Any CPU
		{A48EDC40-7899-45C6-AC09-03274D5DA363}.Release|Any CPU.Build.0 = Release|Any CPU
		{BBF89B82-77A3-4639-B822-945A7C223577}.Debug|Any CPU.ActiveCfg = Debug|Any CPU
		{BBF89B82-77A3-4639-B822-945A7C223577}.Debug|Any CPU.Build.0 = Debug|Any CPU
		{BBF89B82-77A3-4639-B822-945A7C223577}.Release|Any CPU.ActiveCfg = Release|Any CPU
		{BBF89B82-77A3-4639-B822-945A7C223577}.Release|Any CPU.Build.0 = Release|Any CPU
		{9CA46766-7ED4-4D78-BB46-FC99749AA10F}.Debug|Any CPU.ActiveCfg = Debug|Any CPU
		{9CA46766-7ED4-4D78-BB46-FC99749AA10F}.Debug|Any CPU.Build.0 = Debug|Any CPU
		{9CA46766-7ED4-4D78-BB46-FC99749AA10F}.Release|Any CPU.ActiveCfg = Release|Any CPU
		{9CA46766-7ED4-4D78-BB46-FC99749AA10F}.Release|Any CPU.Build.0 = Release|Any CPU
	EndGlobalSection
	GlobalSection(SolutionProperties) = preSolution
		HideSolutionNode = FALSE
	EndGlobalSection
	GlobalSection(NestedProjects) = preSolution
		{D2F06AC8-BF60-4CB3-8FDF-D1FF18ABE970} = {D0CAA738-5A77-4382-BF65-8CEB818847BE}
		{76430275-5363-40D5-B7B0-3AFA3F9A414C} = {D0CAA738-5A77-4382-BF65-8CEB818847BE}
		{2F619037-A519-41CD-8829-71E830EBC0D4} = {D0CAA738-5A77-4382-BF65-8CEB818847BE}
		{12B06E45-12F5-4E56-ADB4-5879D98D3105} = {EBF6F101-500D-467A-A1CF-0DEFEBCD23A1}
		{130DED02-5984-487C-93DD-0D264EED140E} = {28C29192-3E51-4D35-B7AF-D067C6399D8E}
		{8D6DE92C-637E-4433-9810-98D7FBCEA6BA} = {28C29192-3E51-4D35-B7AF-D067C6399D8E}
		{A794F29B-ED83-4A72-AF69-B38EBF2C84DD} = {68CB72A1-6ED9-4CF1-98F6-B9F7F1A65CC4}
		{A48EDC40-7899-45C6-AC09-03274D5DA363} = {3F474C19-B516-4C00-B3FC-2214B9A98B8A}
		{BBF89B82-77A3-4639-B822-945A7C223577} = {3F474C19-B516-4C00-B3FC-2214B9A98B8A}
		{9CA46766-7ED4-4D78-BB46-FC99749AA10F} = {0C78A74C-1CB7-453D-A506-1A85A7E53E1B}
	EndGlobalSection
EndGlobal
